
Microsoft Visual Studio Solution File, Format Version 12.00
# Visual Studio Version 16
VisualStudioVersion = 16.0.31321.278
MinimumVisualStudioVersion = 10.0.40219.1
Project("{FAE04EC0-301F-11D3-BF4B-00C04F79EFBC}") = "sql test", "sql test\sql test.csproj", "{94EBFCFA-FD8A-4863-8A6A-09CA2536031C}"
EndProject
Global
	GlobalSection(SolutionConfigurationPlatforms) = preSolution
		Debug|Any CPU = Debug|Any CPU
		Release|Any CPU = Release|Any CPU
	EndGlobalSection
	GlobalSection(ProjectConfigurationPlatforms) = postSolution
		{94EBFCFA-FD8A-4863-8A6A-09CA2536031C}.Debug|Any CPU.ActiveCfg = Debug|Any CPU
		{94EBFCFA-FD8A-4863-8A6A-09CA2536031C}.Debug|Any CPU.Build.0 = Debug|Any CPU
		{94EBFCFA-FD8A-4863-8A6A-09CA2536031C}.Release|Any CPU.ActiveCfg = Release|Any CPU
		{94EBFCFA-FD8A-4863-8A6A-09CA2536031C}.Release|Any CPU.Build.0 = Release|Any CPU
	EndGlobalSection
	GlobalSection(SolutionProperties) = preSolution
		HideSolutionNode = FALSE
	EndGlobalSection
	GlobalSection(ExtensibilityGlobals) = postSolution
		SolutionGuid = {CF177B1C-2C61-49FA-87D0-49B47819E1BD}
	EndGlobalSection
EndGlobal
